
Microsoft Visual Studio Solution File, Format Version 12.00
# Visual Studio Version 17
VisualStudioVersion = 17.1.32407.343
MinimumVisualStudioVersion = 10.0.40219.1
Project("{9A19103F-16F7-4668-BE54-9A1E7A4F7556}") = "Module 8", "Module 8\Module 8.csproj", "{0B53B77A-FF50-4805-BD67-12CDAFE2ACF5}"
EndProject
Project("{9A19103F-16F7-4668-BE54-9A1E7A4F7556}") = "FinalTask", "Files\FinalTask.csproj", "{1F15C150-6C57-4D78-80E2-FE5CCED0913A}"
EndProject
Project("{9A19103F-16F7-4668-BE54-9A1E7A4F7556}") = "FinalTask1", "FinalTask1\FinalTask1.csproj", "{5ADC8607-17E0-4DFF-BB88-686E740657E7}"
EndProject
Global
	GlobalSection(SolutionConfigurationPlatforms) = preSolution
		Debug|Any CPU = Debug|Any CPU
		Release|Any CPU = Release|Any CPU
	EndGlobalSection
	GlobalSection(ProjectConfigurationPlatforms) = postSolution
		{0B53B77A-FF50-4805-BD67-12CDAFE2ACF5}.Debug|Any CPU.ActiveCfg = Debug|Any CPU
		{0B53B77A-FF50-4805-BD67-12CDAFE2ACF5}.Debug|Any CPU.Build.0 = Debug|Any CPU
		{0B53B77A-FF50-4805-BD67-12CDAFE2ACF5}.Release|Any CPU.ActiveCfg = Release|Any CPU
		{0B53B77A-FF50-4805-BD67-12CDAFE2ACF5}.Release|Any CPU.Build.0 = Release|Any CPU
		{1F15C150-6C57-4D78-80E2-FE5CCED0913A}.Debug|Any CPU.ActiveCfg = Debug|Any CPU
		{1F15C150-6C57-4D78-80E2-FE5CCED0913A}.Debug|Any CPU.Build.0 = Debug|Any CPU
		{1F15C150-6C57-4D78-80E2-FE5CCED0913A}.Release|Any CPU.ActiveCfg = Release|Any CPU
		{1F15C150-6C57-4D78-80E2-FE5CCED0913A}.Release|Any CPU.Build.0 = Release|Any CPU
		{5ADC8607-17E0-4DFF-BB88-686E740657E7}.Debug|Any CPU.ActiveCfg = Debug|Any CPU
		{5ADC8607-17E0-4DFF-BB88-686E740657E7}.Debug|Any CPU.Build.0 = Debug|Any CPU
		{5ADC8607-17E0-4DFF-BB88-686E740657E7}.Release|Any CPU.ActiveCfg = Release|Any CPU
		{5ADC8607-17E0-4DFF-BB88-686E740657E7}.Release|Any CPU.Build.0 = Release|Any CPU
	EndGlobalSection
	GlobalSection(SolutionProperties) = preSolution
		HideSolutionNode = FALSE
	EndGlobalSection
	GlobalSection(ExtensibilityGlobals) = postSolution
		SolutionGuid = {99D48B6B-5351-472A-86C4-B2E2BB4673AA}
	EndGlobalSection
EndGlobal
